
Microsoft Visual Studio Solution File, Format Version 12.00
# Visual Studio Version 16
VisualStudioVersion = 16.0.35026.282
MinimumVisualStudioVersion = 10.0.40219.1
Project("{FAE04EC0-301F-11D3-BF4B-00C04F79EFBC}") = "Decorator", "Decorator.csproj", "{1B26A75E-CEAE-4B37-BB0A-81E01B30878C}"
EndProject
Global
	GlobalSection(SolutionConfigurationPlatforms) = preSolution
		Debug|Any CPU = Debug|Any CPU
		Release|Any CPU = Release|Any CPU
	EndGlobalSection
	GlobalSection(ProjectConfigurationPlatforms) = postSolution
		{1B26A75E-CEAE-4B37-BB0A-81E01B30878C}.Debug|Any CPU.ActiveCfg = Debug|Any CPU
		{1B26A75E-CEAE-4B37-BB0A-81E01B30878C}.Debug|Any CPU.Build.0 = Debug|Any CPU
		{1B26A75E-CEAE-4B37-BB0A-81E01B30878C}.Release|Any CPU.ActiveCfg = Release|Any CPU
		{1B26A75E-CEAE-4B37-BB0A-81E01B30878C}.Release|Any CPU.Build.0 = Release|Any CPU
	EndGlobalSection
	GlobalSection(SolutionProperties) = preSolution
		HideSolutionNode = FALSE
	EndGlobalSection
	GlobalSection(ExtensibilityGlobals) = postSolution
		SolutionGuid = {8581E090-FA42-4AFD-8F99-B89F815FD38D}
	EndGlobalSection
EndGlobal
