
Microsoft Visual Studio Solution File, Format Version 12.00
# Visual Studio Version 16
VisualStudioVersion = 16.0.35026.282
MinimumVisualStudioVersion = 10.0.40219.1
Project("{FAE04EC0-301F-11D3-BF4B-00C04F79EFBC}") = "Proxy", "Proxy.csproj", "{ED92560C-A151-44A0-A747-1830A3FF2917}"
EndProject
Global
	GlobalSection(SolutionConfigurationPlatforms) = preSolution
		Debug|Any CPU = Debug|Any CPU
		Release|Any CPU = Release|Any CPU
	EndGlobalSection
	GlobalSection(ProjectConfigurationPlatforms) = postSolution
		{ED92560C-A151-44A0-A747-1830A3FF2917}.Debug|Any CPU.ActiveCfg = Debug|Any CPU
		{ED92560C-A151-44A0-A747-1830A3FF2917}.Debug|Any CPU.Build.0 = Debug|Any CPU
		{ED92560C-A151-44A0-A747-1830A3FF2917}.Release|Any CPU.ActiveCfg = Release|Any CPU
		{ED92560C-A151-44A0-A747-1830A3FF2917}.Release|Any CPU.Build.0 = Release|Any CPU
	EndGlobalSection
	GlobalSection(SolutionProperties) = preSolution
		HideSolutionNode = FALSE
	EndGlobalSection
	GlobalSection(ExtensibilityGlobals) = postSolution
		SolutionGuid = {5C78AD14-9E22-40B7-ADF0-8F0D105E4516}
	EndGlobalSection
EndGlobal
